{
  "name": "sentry-browser",
  "version": "1.0.0",
  "lockfileVersion": 3,
  "requires": true,
  "packages": {
    "": {
      "name": "sentry-browser",
      "version": "1.0.0",
      "license": "ISC",
      "dependencies": {
        "@sentry/browser": "^7.46.0"
      }
    },
    "node_modules/@sentry-internal/tracing": {
      "version": "7.47.0",
      "resolved": "https://registry.npmjs.org/@sentry-internal/tracing/-/tracing-7.47.0.tgz",
      "integrity": "sha512-udpHnCzF8DQsWf0gQwd0XFGp6Y8MOiwnl8vGt2ohqZGS3m1+IxoRLXsSkD8qmvN6KKDnwbaAvYnK0z0L+AW95g==",
      "dependencies": {
        "@sentry/core": "7.47.0",
        "@sentry/types": "7.47.0",
        "@sentry/utils": "7.47.0",
        "tslib": "^1.9.3"
      },
      "engines": {
        "node": ">=8"
      }
    },
    "node_modules/@sentry/browser": {
      "version": "7.47.0",
      "resolved": "https://registry.npmjs.org/@sentry/browser/-/browser-7.47.0.tgz",
      "integrity": "sha512-L0t07kS/G1UGVZ9fpD6HLuaX8vVBqAGWgu+1uweXthYozu/N7ZAsakjU/Ozu6FSXj1mO3NOJZhOn/goIZLSj5A==",
      "dependencies": {
        "@sentry-internal/tracing": "7.47.0",
        "@sentry/core": "7.47.0",
        "@sentry/replay": "7.47.0",
        "@sentry/types": "7.47.0",
        "@sentry/utils": "7.47.0",
        "tslib": "^1.9.3"
      },
      "engines": {
        "node": ">=8"
      }
    },
    "node_modules/@sentry/core": {
      "version": "7.47.0",
      "resolved": "https://registry.npmjs.org/@sentry/core/-/core-7.47.0.tgz",
      "integrity": "sha512-EFhZhKdMu7wKmWYZwbgTi8FNZ7Fq+HdlXiZWNz51Bqe3pHmfAkdHtAEs0Buo0v623MKA0CA4EjXIazGUM34XTg==",
      "dependencies": {
        "@sentry/types": "7.47.0",
        "@sentry/utils": "7.47.0",
        "tslib": "^1.9.3"
      },
      "engines": {
        "node": ">=8"
      }
    },
    "node_modules/@sentry/replay": {
      "version": "7.47.0",
      "resolved": "https://registry.npmjs.org/@sentry/replay/-/replay-7.47.0.tgz",
      "integrity": "sha512-BFpVZVmwlezZ83y0L43TCTJY142Fxh+z+qZSwTag5HlhmIpBKw/WKg06ajOhrYJbCBkhHmeOvyKkxX0jnc39ZA==",
      "dependencies": {
        "@sentry/core": "7.47.0",
        "@sentry/types": "7.47.0",
        "@sentry/utils": "7.47.0"
      },
      "engines": {
        "node": ">=12"
      }
    },
    "node_modules/@sentry/types": {
      "version": "7.47.0",
      "resolved": "https://registry.npmjs.org/@sentry/types/-/types-7.47.0.tgz",
      "integrity": "sha512-GxXocplN0j1+uczovHrfkykl9wvkamDtWxlPUQgyGlbLGZn+UH1Y79D4D58COaFWGEZdSNKr62gZAjfEYu9nQA==",
      "engines": {
        "node": ">=8"
      }
    },
    "node_modules/@sentry/utils": {
      "version": "7.47.0",
      "resolved": "https://registry.npmjs.org/@sentry/utils/-/utils-7.47.0.tgz",
      "integrity": "sha512-A89SaOLp6XeZfByeYo2C8Ecye/YAtk/gENuyOUhQEdMulI6mZdjqtHAp7pTMVgkBc/YNARVuoa+kR/IdRrTPkQ==",
      "dependencies": {
        "@sentry/types": "7.47.0",
        "tslib": "^1.9.3"
      },
      "engines": {
        "node": ">=8"
      }
    },
    "node_modules/tslib": {
      "version": "1.14.1",
      "resolved": "https://registry.npmjs.org/tslib/-/tslib-1.14.1.tgz",
      "integrity": "sha512-Xni35NKzjgMrwevysHTCArtLDpPvye8zV/0E4EyYn43P7/7qvQwPh9BGkHewbMulVntbigmcT7rdX3BNo9wRJg=="
    }
  }
}
